{
  "name": "zhash-api",
  "version": "1.0.0",
  "lockfileVersion": 3,
  "requires": true,
  "packages": {
    "": {
      "name": "zhash-api",
      "version": "1.0.0",
      "license": "ISC",
      "dependencies": {
        "rate-limiter-flexible": "^5.0.3"
      }
    },
    "node_modules/rate-limiter-flexible": {
      "version": "5.0.3",
      "resolved": "https://registry.npmjs.org/rate-limiter-flexible/-/rate-limiter-flexible-5.0.3.tgz",
      "integrity": "sha512-lWx2y8NBVlTOLPyqs+6y7dxfEpT6YFqKy3MzWbCy95sTTOhOuxufP2QvRyOHpfXpB9OUJPbVLybw3z3AVAS5fA=="
    }
  }
}
